
Microsoft Visual Studio Solution File, Format Version 12.00
# Visual Studio Version 17
VisualStudioVersion = 17.5.002.0
MinimumVisualStudioVersion = 10.0.40219.1
Project("{9A19103F-16F7-4668-BE54-9A1E7A4F7556}") = "atmprojekt", "atmprojekt.csproj", "{813EE064-547A-4DDE-8F9B-E4D957250FB5}"
EndProject
Global
	GlobalSection(SolutionConfigurationPlatforms) = preSolution
		Debug|Any CPU = Debug|Any CPU
		Release|Any CPU = Release|Any CPU
	EndGlobalSection
	GlobalSection(ProjectConfigurationPlatforms) = postSolution
		{813EE064-547A-4DDE-8F9B-E4D957250FB5}.Debug|Any CPU.ActiveCfg = Debug|Any CPU
		{813EE064-547A-4DDE-8F9B-E4D957250FB5}.Debug|Any CPU.Build.0 = Debug|Any CPU
		{813EE064-547A-4DDE-8F9B-E4D957250FB5}.Release|Any CPU.ActiveCfg = Release|Any CPU
		{813EE064-547A-4DDE-8F9B-E4D957250FB5}.Release|Any CPU.Build.0 = Release|Any CPU
	EndGlobalSection
	GlobalSection(SolutionProperties) = preSolution
		HideSolutionNode = FALSE
	EndGlobalSection
	GlobalSection(ExtensibilityGlobals) = postSolution
		SolutionGuid = {EB9CADE1-DEC1-4069-ABFA-E72B3E55E43D}
	EndGlobalSection
EndGlobal
